
Microsoft Visual Studio Solution File, Format Version 12.00
# Visual Studio Version 17
VisualStudioVersion = 17.11.35222.181
MinimumVisualStudioVersion = 10.0.40219.1
Project("{FAE04EC0-301F-11D3-BF4B-00C04F79EFBC}") = "WFA exam - Pádár Zsolt", "WFA exam - Pádár Zsolt.csproj", "{B44BB6FF-2B96-4C27-8713-3D7266920090}"
EndProject
Global
	GlobalSection(SolutionConfigurationPlatforms) = preSolution
		Debug|Any CPU = Debug|Any CPU
		Release|Any CPU = Release|Any CPU
	EndGlobalSection
	GlobalSection(ProjectConfigurationPlatforms) = postSolution
		{B44BB6FF-2B96-4C27-8713-3D7266920090}.Debug|Any CPU.ActiveCfg = Debug|Any CPU
		{B44BB6FF-2B96-4C27-8713-3D7266920090}.Debug|Any CPU.Build.0 = Debug|Any CPU
		{B44BB6FF-2B96-4C27-8713-3D7266920090}.Release|Any CPU.ActiveCfg = Release|Any CPU
		{B44BB6FF-2B96-4C27-8713-3D7266920090}.Release|Any CPU.Build.0 = Release|Any CPU
	EndGlobalSection
	GlobalSection(SolutionProperties) = preSolution
		HideSolutionNode = FALSE
	EndGlobalSection
	GlobalSection(ExtensibilityGlobals) = postSolution
		SolutionGuid = {A08B8FE3-5D6B-4935-923E-10ACCA533BAB}
	EndGlobalSection
EndGlobal
